// !$*UTF8*$!
{
	archiveVersion = 1;
	classes = {
	};
	objectVersion = 56;
	objects = {

/* Begin PBXBuildFile section */
		072FD52E2A809531008AEF14 /* ServiceTopAdCollectionViewCell.swift in Sources */ = {isa = PBXBuildFile; fileRef = 072FD52D2A809531008AEF14 /* ServiceTopAdCollectionViewCell.swift */; };
		072FD5302A809A49008AEF14 /* ServiceTopAdModel.swift in Sources */ = {isa = PBXBuildFile; fileRef = 072FD52F2A809A49008AEF14 /* ServiceTopAdModel.swift */; };
		075FBE912A8B42A300A82EC1 /* AccountHeaderView.swift in Sources */ = {isa = PBXBuildFile; fileRef = 075FBE902A8B42A300A82EC1 /* AccountHeaderView.swift */; };
		075FBE932A8B434800A82EC1 /* AlertHeaderView.swift in Sources */ = {isa = PBXBuildFile; fileRef = 075FBE922A8B434800A82EC1 /* AlertHeaderView.swift */; };
		075FBE952A8B436D00A82EC1 /* MoreHeaderView.swift in Sources */ = {isa = PBXBuildFile; fileRef = 075FBE942A8B436D00A82EC1 /* MoreHeaderView.swift */; };
		075FBE972A8B5C4200A82EC1 /* AlertTableViewCell.swift in Sources */ = {isa = PBXBuildFile; fileRef = 075FBE962A8B5C4200A82EC1 /* AlertTableViewCell.swift */; };
		075FBE992A8B5C4D00A82EC1 /* MoreTableViewCell.swift in Sources */ = {isa = PBXBuildFile; fileRef = 075FBE982A8B5C4D00A82EC1 /* MoreTableViewCell.swift */; };
		075FBEA02A8B78B800A82EC1 /* TransferViewController.swift in Sources */ = {isa = PBXBuildFile; fileRef = 075FBE9F2A8B78B800A82EC1 /* TransferViewController.swift */; };
		075FBEA22A8B78C500A82EC1 /* TransferViewModel.swift in Sources */ = {isa = PBXBuildFile; fileRef = 075FBEA12A8B78C500A82EC1 /* TransferViewModel.swift */; };
		075FBEA42A8B792000A82EC1 /* ReceiverAccountModel.swift in Sources */ = {isa = PBXBuildFile; fileRef = 075FBEA32A8B792000A82EC1 /* ReceiverAccountModel.swift */; };
		075FBEA62A8BA23500A82EC1 /* TransferListTableViewCell.swift in Sources */ = {isa = PBXBuildFile; fileRef = 075FBEA52A8BA23500A82EC1 /* TransferListTableViewCell.swift */; };
		075FBEA82A8BA34E00A82EC1 /* TransferHeaderView.swift in Sources */ = {isa = PBXBuildFile; fileRef = 075FBEA72A8BA34E00A82EC1 /* TransferHeaderView.swift */; };
		075FBEAA2A8BA57D00A82EC1 /* TransferNavigationView.swift in Sources */ = {isa = PBXBuildFile; fileRef = 075FBEA92A8BA57D00A82EC1 /* TransferNavigationView.swift */; };
		0768481B2A7C9F6400812353 /* Enums.swift in Sources */ = {isa = PBXBuildFile; fileRef = 0768481A2A7C9F6400812353 /* Enums.swift */; };
		076848212A7CE96400812353 /* AccountTopAdTableViewCell.swift in Sources */ = {isa = PBXBuildFile; fileRef = 076848202A7CE96400812353 /* AccountTopAdTableViewCell.swift */; };
		076848232A7D14ED00812353 /* AccountAddTableViewCell.swift in Sources */ = {isa = PBXBuildFile; fileRef = 076848222A7D14ED00812353 /* AccountAddTableViewCell.swift */; };
		076848252A7D306C00812353 /* AccountTopAdModel.swift in Sources */ = {isa = PBXBuildFile; fileRef = 076848242A7D306C00812353 /* AccountTopAdModel.swift */; };
		07755D0B2A7E3A790076253B /* Int.swift in Sources */ = {isa = PBXBuildFile; fileRef = 07755D0A2A7E3A790076253B /* Int.swift */; };
		07755D0D2A7E72220076253B /* AccountModel.swift in Sources */ = {isa = PBXBuildFile; fileRef = 07755D0C2A7E72220076253B /* AccountModel.swift */; };
		07AA675B2A7BB7C3009DB3F0 /* AppDelegate.swift in Sources */ = {isa = PBXBuildFile; fileRef = 07AA675A2A7BB7C3009DB3F0 /* AppDelegate.swift */; };
		07AA675D2A7BB7C3009DB3F0 /* SceneDelegate.swift in Sources */ = {isa = PBXBuildFile; fileRef = 07AA675C2A7BB7C3009DB3F0 /* SceneDelegate.swift */; };
		07AA675F2A7BB7C3009DB3F0 /* AccountViewController.swift in Sources */ = {isa = PBXBuildFile; fileRef = 07AA675E2A7BB7C3009DB3F0 /* AccountViewController.swift */; };
		07AA67642A7BB7C5009DB3F0 /* Assets.xcassets in Resources */ = {isa = PBXBuildFile; fileRef = 07AA67632A7BB7C5009DB3F0 /* Assets.xcassets */; };
		07AA67672A7BB7C5009DB3F0 /* LaunchScreen.storyboard in Resources */ = {isa = PBXBuildFile; fileRef = 07AA67652A7BB7C5009DB3F0 /* LaunchScreen.storyboard */; };
		07AA67722A7BB7C5009DB3F0 /* KakaoBankCloneTests.swift in Sources */ = {isa = PBXBuildFile; fileRef = 07AA67712A7BB7C5009DB3F0 /* KakaoBankCloneTests.swift */; };
		07AA677C2A7BB7C5009DB3F0 /* KakaoBankCloneUITests.swift in Sources */ = {isa = PBXBuildFile; fileRef = 07AA677B2A7BB7C5009DB3F0 /* KakaoBankCloneUITests.swift */; };
		07AA677E2A7BB7C5009DB3F0 /* KakaoBankCloneUITestsLaunchTests.swift in Sources */ = {isa = PBXBuildFile; fileRef = 07AA677D2A7BB7C5009DB3F0 /* KakaoBankCloneUITestsLaunchTests.swift */; };
		07AA678E2A7BC1BF009DB3F0 /* ServiceViewController.swift in Sources */ = {isa = PBXBuildFile; fileRef = 07AA678D2A7BC1BF009DB3F0 /* ServiceViewController.swift */; };
		07AA67902A7BC1D7009DB3F0 /* AlertViewController.swift in Sources */ = {isa = PBXBuildFile; fileRef = 07AA678F2A7BC1D7009DB3F0 /* AlertViewController.swift */; };
		07AA67922A7BC1F6009DB3F0 /* MoreViewController.swift in Sources */ = {isa = PBXBuildFile; fileRef = 07AA67912A7BC1F6009DB3F0 /* MoreViewController.swift */; };
		07AA67942A7BC20A009DB3F0 /* AccountViewModel.swift in Sources */ = {isa = PBXBuildFile; fileRef = 07AA67932A7BC20A009DB3F0 /* AccountViewModel.swift */; };
		07AA67962A7BC215009DB3F0 /* ServiceViewModel.swift in Sources */ = {isa = PBXBuildFile; fileRef = 07AA67952A7BC215009DB3F0 /* ServiceViewModel.swift */; };
		07AA67982A7BC21C009DB3F0 /* AlertViewModel.swift in Sources */ = {isa = PBXBuildFile; fileRef = 07AA67972A7BC21C009DB3F0 /* AlertViewModel.swift */; };
		07AA679A2A7BC22A009DB3F0 /* MoreMenuViewModel.swift in Sources */ = {isa = PBXBuildFile; fileRef = 07AA67992A7BC22A009DB3F0 /* MoreMenuViewModel.swift */; };
		07AA679C2A7BC552009DB3F0 /* MoreMenuCellData.swift in Sources */ = {isa = PBXBuildFile; fileRef = 07AA679B2A7BC552009DB3F0 /* MoreMenuCellData.swift */; };
		07AA67A12A7BEF6F009DB3F0 /* TabBarController.swift in Sources */ = {isa = PBXBuildFile; fileRef = 07AA67A02A7BEF6F009DB3F0 /* TabBarController.swift */; };
		07AA67A42A7BF17E009DB3F0 /* NavigationBar.swift in Sources */ = {isa = PBXBuildFile; fileRef = 07AA67A32A7BF17E009DB3F0 /* NavigationBar.swift */; };
		07AA67A62A7BF213009DB3F0 /* UIColor.swift in Sources */ = {isa = PBXBuildFile; fileRef = 07AA67A52A7BF213009DB3F0 /* UIColor.swift */; };
		07AA67A82A7BFB85009DB3F0 /* AccountTableViewCell.swift in Sources */ = {isa = PBXBuildFile; fileRef = 07AA67A72A7BFB85009DB3F0 /* AccountTableViewCell.swift */; };
		07CA4ED62A80FF9800F81E6F /* NSAttributedString.swift in Sources */ = {isa = PBXBuildFile; fileRef = 07CA4ED52A80FF9800F81E6F /* NSAttributedString.swift */; };
		07CA4ED82A810AC700F81E6F /* AccountTopAdCollectionViewCell.swift in Sources */ = {isa = PBXBuildFile; fileRef = 07CA4ED72A810AC700F81E6F /* AccountTopAdCollectionViewCell.swift */; };
		07CA4EDA2A81400400F81E6F /* UITableViewCell.swift in Sources */ = {isa = PBXBuildFile; fileRef = 07CA4ED92A81400400F81E6F /* UITableViewCell.swift */; };
		07D9E36F2A7F7A6E000EDF9B /* GoogleService-Info.plist in Resources */ = {isa = PBXBuildFile; fileRef = 07D9E36E2A7F7A6D000EDF9B /* GoogleService-Info.plist */; };
		07D9E3712A7F8FAD000EDF9B /* AccountWithoutSafeBoxTableViewCell.swift in Sources */ = {isa = PBXBuildFile; fileRef = 07D9E3702A7F8FAD000EDF9B /* AccountWithoutSafeBoxTableViewCell.swift */; };
		07D9E3732A7FB834000EDF9B /* ServiceMenuCollectionViewCell.swift in Sources */ = {isa = PBXBuildFile; fileRef = 07D9E3722A7FB834000EDF9B /* ServiceMenuCollectionViewCell.swift */; };
		07D9E3752A7FCF43000EDF9B /* ServiceListTableViewCell.swift in Sources */ = {isa = PBXBuildFile; fileRef = 07D9E3742A7FCF43000EDF9B /* ServiceListTableViewCell.swift */; };
		07D9E3772A7FD683000EDF9B /* ServiceTopAdTableViewCell.swift in Sources */ = {isa = PBXBuildFile; fileRef = 07D9E3762A7FD683000EDF9B /* ServiceTopAdTableViewCell.swift */; };
		07D9E3792A7FE6DB000EDF9B /* ServiceListModel.swift in Sources */ = {isa = PBXBuildFile; fileRef = 07D9E3782A7FE6DB000EDF9B /* ServiceListModel.swift */; };
		07F30D652A83AAF1001D96FC /* ServiceHeaderView.swift in Sources */ = {isa = PBXBuildFile; fileRef = 07F30D642A83AAF1001D96FC /* ServiceHeaderView.swift */; };
		A37612E51FCED7E5EC69CD8D /* Pods_KakaoBankClone.framework in Frameworks */ = {isa = PBXBuildFile; fileRef = CCED9299102A2A6CB6DBB08F /* Pods_KakaoBankClone.framework */; };
		DE9DB6893F405A81D1321244 /* Pods_KakaoBankClone_KakaoBankCloneUITests.framework in Frameworks */ = {isa = PBXBuildFile; fileRef = 05DCC6700C88B23420E52201 /* Pods_KakaoBankClone_KakaoBankCloneUITests.framework */; };
		E45BFED7CA6B2ACA96A8EAAE /* Pods_KakaoBankCloneTests.framework in Frameworks */ = {isa = PBXBuildFile; fileRef = 0B6D679472150FFD9CA2A64F /* Pods_KakaoBankCloneTests.framework */; };
/* End PBXBuildFile section */

/* Begin PBXContainerItemProxy section */
		07AA676E2A7BB7C5009DB3F0 /* PBXContainerItemProxy */ = {
			isa = PBXContainerItemProxy;
			containerPortal = 07AA674F2A7BB7C3009DB3F0 /* Project object */;
			proxyType = 1;
			remoteGlobalIDString = 07AA67562A7BB7C3009DB3F0;
			remoteInfo = KakaoBankClone;
		};
		07AA67782A7BB7C5009DB3F0 /* PBXContainerItemProxy */ = {
			isa = PBXContainerItemProxy;
			containerPortal = 07AA674F2A7BB7C3009DB3F0 /* Project object */;
			proxyType = 1;
			remoteGlobalIDString = 07AA67562A7BB7C3009DB3F0;
			remoteInfo = KakaoBankClone;
		};
/* End PBXContainerItemProxy section */

/* Begin PBXFileReference section */
		05DCC6700C88B23420E52201 /* Pods_KakaoBankClone_KakaoBankCloneUITests.framework */ = {isa = PBXFileReference; explicitFileType = wrapper.framework; includeInIndex = 0; path = Pods_KakaoBankClone_KakaoBankCloneUITests.framework; sourceTree = BUILT_PRODUCTS_DIR; };
		072FD52D2A809531008AEF14 /* ServiceTopAdCollectionViewCell.swift */ = {isa = PBXFileReference; lastKnownFileType = sourcecode.swift; path = ServiceTopAdCollectionViewCell.swift; sourceTree = "<group>"; };
		072FD52F2A809A49008AEF14 /* ServiceTopAdModel.swift */ = {isa = PBXFileReference; lastKnownFileType = sourcecode.swift; path = ServiceTopAdModel.swift; sourceTree = "<group>"; };
		075FBE902A8B42A300A82EC1 /* AccountHeaderView.swift */ = {isa = PBXFileReference; lastKnownFileType = sourcecode.swift; path = AccountHeaderView.swift; sourceTree = "<group>"; };
		075FBE922A8B434800A82EC1 /* AlertHeaderView.swift */ = {isa = PBXFileReference; lastKnownFileType = sourcecode.swift; path = AlertHeaderView.swift; sourceTree = "<group>"; };
		075FBE942A8B436D00A82EC1 /* MoreHeaderView.swift */ = {isa = PBXFileReference; lastKnownFileType = sourcecode.swift; path = MoreHeaderView.swift; sourceTree = "<group>"; };
		075FBE962A8B5C4200A82EC1 /* AlertTableViewCell.swift */ = {isa = PBXFileReference; lastKnownFileType = sourcecode.swift; path = AlertTableViewCell.swift; sourceTree = "<group>"; };
		075FBE982A8B5C4D00A82EC1 /* MoreTableViewCell.swift */ = {isa = PBXFileReference; lastKnownFileType = sourcecode.swift; path = MoreTableViewCell.swift; sourceTree = "<group>"; };
		075FBE9F2A8B78B800A82EC1 /* TransferViewController.swift */ = {isa = PBXFileReference; lastKnownFileType = sourcecode.swift; path = TransferViewController.swift; sourceTree = "<group>"; };
		075FBEA12A8B78C500A82EC1 /* TransferViewModel.swift */ = {isa = PBXFileReference; lastKnownFileType = sourcecode.swift; path = TransferViewModel.swift; sourceTree = "<group>"; };
		075FBEA32A8B792000A82EC1 /* ReceiverAccountModel.swift */ = {isa = PBXFileReference; lastKnownFileType = sourcecode.swift; path = ReceiverAccountModel.swift; sourceTree = "<group>"; };
		075FBEA52A8BA23500A82EC1 /* TransferListTableViewCell.swift */ = {isa = PBXFileReference; lastKnownFileType = sourcecode.swift; path = TransferListTableViewCell.swift; sourceTree = "<group>"; };
		075FBEA72A8BA34E00A82EC1 /* TransferHeaderView.swift */ = {isa = PBXFileReference; lastKnownFileType = sourcecode.swift; path = TransferHeaderView.swift; sourceTree = "<group>"; };
		075FBEA92A8BA57D00A82EC1 /* TransferNavigationView.swift */ = {isa = PBXFileReference; lastKnownFileType = sourcecode.swift; path = TransferNavigationView.swift; sourceTree = "<group>"; };
		0768481A2A7C9F6400812353 /* Enums.swift */ = {isa = PBXFileReference; lastKnownFileType = sourcecode.swift; path = Enums.swift; sourceTree = "<group>"; };
		076848202A7CE96400812353 /* AccountTopAdTableViewCell.swift */ = {isa = PBXFileReference; lastKnownFileType = sourcecode.swift; path = AccountTopAdTableViewCell.swift; sourceTree = "<group>"; };
		076848222A7D14ED00812353 /* AccountAddTableViewCell.swift */ = {isa = PBXFileReference; lastKnownFileType = sourcecode.swift; path = AccountAddTableViewCell.swift; sourceTree = "<group>"; };
		076848242A7D306C00812353 /* AccountTopAdModel.swift */ = {isa = PBXFileReference; lastKnownFileType = sourcecode.swift; path = AccountTopAdModel.swift; sourceTree = "<group>"; };
		07755D0A2A7E3A790076253B /* Int.swift */ = {isa = PBXFileReference; lastKnownFileType = sourcecode.swift; path = Int.swift; sourceTree = "<group>"; };
		07755D0C2A7E72220076253B /* AccountModel.swift */ = {isa = PBXFileReference; lastKnownFileType = sourcecode.swift; path = AccountModel.swift; sourceTree = "<group>"; };
		07AA67572A7BB7C3009DB3F0 /* KakaoBankClone.app */ = {isa = PBXFileReference; explicitFileType = wrapper.application; includeInIndex = 0; path = KakaoBankClone.app; sourceTree = BUILT_PRODUCTS_DIR; };
		07AA675A2A7BB7C3009DB3F0 /* AppDelegate.swift */ = {isa = PBXFileReference; lastKnownFileType = sourcecode.swift; path = AppDelegate.swift; sourceTree = "<group>"; };
		07AA675C2A7BB7C3009DB3F0 /* SceneDelegate.swift */ = {isa = PBXFileReference; lastKnownFileType = sourcecode.swift; path = SceneDelegate.swift; sourceTree = "<group>"; };
		07AA675E2A7BB7C3009DB3F0 /* AccountViewController.swift */ = {isa = PBXFileReference; lastKnownFileType = sourcecode.swift; path = AccountViewController.swift; sourceTree = "<group>"; };
		07AA67632A7BB7C5009DB3F0 /* Assets.xcassets */ = {isa = PBXFileReference; lastKnownFileType = folder.assetcatalog; path = Assets.xcassets; sourceTree = "<group>"; };
		07AA67662A7BB7C5009DB3F0 /* Base */ = {isa = PBXFileReference; lastKnownFileType = file.storyboard; name = Base; path = Base.lproj/LaunchScreen.storyboard; sourceTree = "<group>"; };
		07AA67682A7BB7C5009DB3F0 /* Info.plist */ = {isa = PBXFileReference; lastKnownFileType = text.plist.xml; path = Info.plist; sourceTree = "<group>"; };
		07AA676D2A7BB7C5009DB3F0 /* KakaoBankCloneTests.xctest */ = {isa = PBXFileReference; explicitFileType = wrapper.cfbundle; includeInIndex = 0; path = KakaoBankCloneTests.xctest; sourceTree = BUILT_PRODUCTS_DIR; };
		07AA67712A7BB7C5009DB3F0 /* KakaoBankCloneTests.swift */ = {isa = PBXFileReference; lastKnownFileType = sourcecode.swift; path = KakaoBankCloneTests.swift; sourceTree = "<group>"; };
		07AA67772A7BB7C5009DB3F0 /* KakaoBankCloneUITests.xctest */ = {isa = PBXFileReference; explicitFileType = wrapper.cfbundle; includeInIndex = 0; path = KakaoBankCloneUITests.xctest; sourceTree = BUILT_PRODUCTS_DIR; };
		07AA677B2A7BB7C5009DB3F0 /* KakaoBankCloneUITests.swift */ = {isa = PBXFileReference; lastKnownFileType = sourcecode.swift; path = KakaoBankCloneUITests.swift; sourceTree = "<group>"; };
		07AA677D2A7BB7C5009DB3F0 /* KakaoBankCloneUITestsLaunchTests.swift */ = {isa = PBXFileReference; lastKnownFileType = sourcecode.swift; path = KakaoBankCloneUITestsLaunchTests.swift; sourceTree = "<group>"; };
		07AA678D2A7BC1BF009DB3F0 /* ServiceViewController.swift */ = {isa = PBXFileReference; lastKnownFileType = sourcecode.swift; path = ServiceViewController.swift; sourceTree = "<group>"; };
		07AA678F2A7BC1D7009DB3F0 /* AlertViewController.swift */ = {isa = PBXFileReference; lastKnownFileType = sourcecode.swift; path = AlertViewController.swift; sourceTree = "<group>"; };
		07AA67912A7BC1F6009DB3F0 /* MoreViewController.swift */ = {isa = PBXFileReference; lastKnownFileType = sourcecode.swift; path = MoreViewController.swift; sourceTree = "<group>"; };
		07AA67932A7BC20A009DB3F0 /* AccountViewModel.swift */ = {isa = PBXFileReference; lastKnownFileType = sourcecode.swift; path = AccountViewModel.swift; sourceTree = "<group>"; };
		07AA67952A7BC215009DB3F0 /* ServiceViewModel.swift */ = {isa = PBXFileReference; lastKnownFileType = sourcecode.swift; path = ServiceViewModel.swift; sourceTree = "<group>"; };
		07AA67972A7BC21C009DB3F0 /* AlertViewModel.swift */ = {isa = PBXFileReference; lastKnownFileType = sourcecode.swift; path = AlertViewModel.swift; sourceTree = "<group>"; };
		07AA67992A7BC22A009DB3F0 /* MoreMenuViewModel.swift */ = {isa = PBXFileReference; lastKnownFileType = sourcecode.swift; path = MoreMenuViewModel.swift; sourceTree = "<group>"; };
		07AA679B2A7BC552009DB3F0 /* MoreMenuCellData.swift */ = {isa = PBXFileReference; lastKnownFileType = sourcecode.swift; path = MoreMenuCellData.swift; sourceTree = "<group>"; };
		07AA67A02A7BEF6F009DB3F0 /* TabBarController.swift */ = {isa = PBXFileReference; lastKnownFileType = sourcecode.swift; path = TabBarController.swift; sourceTree = "<group>"; };
		07AA67A32A7BF17E009DB3F0 /* NavigationBar.swift */ = {isa = PBXFileReference; lastKnownFileType = sourcecode.swift; path = NavigationBar.swift; sourceTree = "<group>"; };
		07AA67A52A7BF213009DB3F0 /* UIColor.swift */ = {isa = PBXFileReference; lastKnownFileType = sourcecode.swift; path = UIColor.swift; sourceTree = "<group>"; };
		07AA67A72A7BFB85009DB3F0 /* AccountTableViewCell.swift */ = {isa = PBXFileReference; lastKnownFileType = sourcecode.swift; path = AccountTableViewCell.swift; sourceTree = "<group>"; };
		07CA4ED52A80FF9800F81E6F /* NSAttributedString.swift */ = {isa = PBXFileReference; lastKnownFileType = sourcecode.swift; path = NSAttributedString.swift; sourceTree = "<group>"; };
		07CA4ED72A810AC700F81E6F /* AccountTopAdCollectionViewCell.swift */ = {isa = PBXFileReference; lastKnownFileType = sourcecode.swift; path = AccountTopAdCollectionViewCell.swift; sourceTree = "<group>"; };
		07CA4ED92A81400400F81E6F /* UITableViewCell.swift */ = {isa = PBXFileReference; lastKnownFileType = sourcecode.swift; path = UITableViewCell.swift; sourceTree = "<group>"; };
		07D9E36E2A7F7A6D000EDF9B /* GoogleService-Info.plist */ = {isa = PBXFileReference; fileEncoding = 4; lastKnownFileType = text.plist.xml; path = "GoogleService-Info.plist"; sourceTree = "<group>"; };
		07D9E3702A7F8FAD000EDF9B /* AccountWithoutSafeBoxTableViewCell.swift */ = {isa = PBXFileReference; lastKnownFileType = sourcecode.swift; path = AccountWithoutSafeBoxTableViewCell.swift; sourceTree = "<group>"; };
		07D9E3722A7FB834000EDF9B /* ServiceMenuCollectionViewCell.swift */ = {isa = PBXFileReference; lastKnownFileType = sourcecode.swift; path = ServiceMenuCollectionViewCell.swift; sourceTree = "<group>"; };
		07D9E3742A7FCF43000EDF9B /* ServiceListTableViewCell.swift */ = {isa = PBXFileReference; lastKnownFileType = sourcecode.swift; path = ServiceListTableViewCell.swift; sourceTree = "<group>"; };
		07D9E3762A7FD683000EDF9B /* ServiceTopAdTableViewCell.swift */ = {isa = PBXFileReference; lastKnownFileType = sourcecode.swift; path = ServiceTopAdTableViewCell.swift; sourceTree = "<group>"; };
		07D9E3782A7FE6DB000EDF9B /* ServiceListModel.swift */ = {isa = PBXFileReference; lastKnownFileType = sourcecode.swift; path = ServiceListModel.swift; sourceTree = "<group>"; };
		07F30D642A83AAF1001D96FC /* ServiceHeaderView.swift */ = {isa = PBXFileReference; lastKnownFileType = sourcecode.swift; path = ServiceHeaderView.swift; sourceTree = "<group>"; };
		0B6D679472150FFD9CA2A64F /* Pods_KakaoBankCloneTests.framework */ = {isa = PBXFileReference; explicitFileType = wrapper.framework; includeInIndex = 0; path = Pods_KakaoBankCloneTests.framework; sourceTree = BUILT_PRODUCTS_DIR; };
		320FC54D3122EAEAE00BC82A /* Pods-KakaoBankClone.debug.xcconfig */ = {isa = PBXFileReference; includeInIndex = 1; lastKnownFileType = text.xcconfig; name = "Pods-KakaoBankClone.debug.xcconfig"; path = "Target Support Files/Pods-KakaoBankClone/Pods-KakaoBankClone.debug.xcconfig"; sourceTree = "<group>"; };
		A520A21DEE10BBBFDE272393 /* Pods-KakaoBankClone-KakaoBankCloneUITests.debug.xcconfig */ = {isa = PBXFileReference; includeInIndex = 1; lastKnownFileType = text.xcconfig; name = "Pods-KakaoBankClone-KakaoBankCloneUITests.debug.xcconfig"; path = "Target Support Files/Pods-KakaoBankClone-KakaoBankCloneUITests/Pods-KakaoBankClone-KakaoBankCloneUITests.debug.xcconfig"; sourceTree = "<group>"; };
		AE6BC9A24396FCDBAA6AA288 /* Pods-KakaoBankCloneTests.release.xcconfig */ = {isa = PBXFileReference; includeInIndex = 1; lastKnownFileType = text.xcconfig; name = "Pods-KakaoBankCloneTests.release.xcconfig"; path = "Target Support Files/Pods-KakaoBankCloneTests/Pods-KakaoBankCloneTests.release.xcconfig"; sourceTree = "<group>"; };
		B0017EC0B02C3FC03030D7EB /* Pods-KakaoBankClone-KakaoBankCloneUITests.release.xcconfig */ = {isa = PBXFileReference; includeInIndex = 1; lastKnownFileType = text.xcconfig; name = "Pods-KakaoBankClone-KakaoBankCloneUITests.release.xcconfig"; path = "Target Support Files/Pods-KakaoBankClone-KakaoBankCloneUITests/Pods-KakaoBankClone-KakaoBankCloneUITests.release.xcconfig"; sourceTree = "<group>"; };
		C94CBAB88D8EA10A71C35533 /* Pods-KakaoBankCloneTests.debug.xcconfig */ = {isa = PBXFileReference; includeInIndex = 1; lastKnownFileType = text.xcconfig; name = "Pods-KakaoBankCloneTests.debug.xcconfig"; path = "Target Support Files/Pods-KakaoBankCloneTests/Pods-KakaoBankCloneTests.debug.xcconfig"; sourceTree = "<group>"; };
		CCED9299102A2A6CB6DBB08F /* Pods_KakaoBankClone.framework */ = {isa = PBXFileReference; explicitFileType = wrapper.framework; includeInIndex = 0; path = Pods_KakaoBankClone.framework; sourceTree = BUILT_PRODUCTS_DIR; };
		D8F411C776A105B247B97FBB /* Pods-KakaoBankClone.release.xcconfig */ = {isa = PBXFileReference; includeInIndex = 1; lastKnownFileType = text.xcconfig; name = "Pods-KakaoBankClone.release.xcconfig"; path = "Target Support Files/Pods-KakaoBankClone/Pods-KakaoBankClone.release.xcconfig"; sourceTree = "<group>"; };
/* End PBXFileReference section */

/* Begin PBXFrameworksBuildPhase section */
		07AA67542A7BB7C3009DB3F0 /* Frameworks */ = {
			isa = PBXFrameworksBuildPhase;
			buildActionMask = 2147483647;
			files = (
				A37612E51FCED7E5EC69CD8D /* Pods_KakaoBankClone.framework in Frameworks */,
			);
			runOnlyForDeploymentPostprocessing = 0;
		};
		07AA676A2A7BB7C5009DB3F0 /* Frameworks */ = {
			isa = PBXFrameworksBuildPhase;
			buildActionMask = 2147483647;
			files = (
				E45BFED7CA6B2ACA96A8EAAE /* Pods_KakaoBankCloneTests.framework in Frameworks */,
			);
			runOnlyForDeploymentPostprocessing = 0;
		};
		07AA67742A7BB7C5009DB3F0 /* Frameworks */ = {
			isa = PBXFrameworksBuildPhase;
			buildActionMask = 2147483647;
			files = (
				DE9DB6893F405A81D1321244 /* Pods_KakaoBankClone_KakaoBankCloneUITests.framework in Frameworks */,
			);
			runOnlyForDeploymentPostprocessing = 0;
		};
/* End PBXFrameworksBuildPhase section */

/* Begin PBXGroup section */
		075FBE7B2A8B3F2900A82EC1 /* ServiceScreen */ = {
			isa = PBXGroup;
			children = (
				075FBE7C2A8B3F4400A82EC1 /* Model */,
				075FBE7E2A8B3F5100A82EC1 /* ViewModel */,
				075FBE7D2A8B3F4C00A82EC1 /* View */,
			);
			path = ServiceScreen;
			sourceTree = "<group>";
		};
		075FBE7C2A8B3F4400A82EC1 /* Model */ = {
			isa = PBXGroup;
			children = (
				07D9E3782A7FE6DB000EDF9B /* ServiceListModel.swift */,
				072FD52F2A809A49008AEF14 /* ServiceTopAdModel.swift */,
			);
			path = Model;
			sourceTree = "<group>";
		};
		075FBE7D2A8B3F4C00A82EC1 /* View */ = {
			isa = PBXGroup;
			children = (
				07AA678D2A7BC1BF009DB3F0 /* ServiceViewController.swift */,
				07F30D642A83AAF1001D96FC /* ServiceHeaderView.swift */,
				07D9E3722A7FB834000EDF9B /* ServiceMenuCollectionViewCell.swift */,
				07D9E3742A7FCF43000EDF9B /* ServiceListTableViewCell.swift */,
				07D9E3762A7FD683000EDF9B /* ServiceTopAdTableViewCell.swift */,
				072FD52D2A809531008AEF14 /* ServiceTopAdCollectionViewCell.swift */,
			);
			path = View;
			sourceTree = "<group>";
		};
		075FBE7E2A8B3F5100A82EC1 /* ViewModel */ = {
			isa = PBXGroup;
			children = (
				07AA67952A7BC215009DB3F0 /* ServiceViewModel.swift */,
			);
			path = ViewModel;
			sourceTree = "<group>";
		};
		075FBE812A8B3FB300A82EC1 /* AlertScreen */ = {
			isa = PBXGroup;
			children = (
				075FBE882A8B40F300A82EC1 /* Model */,
				075FBE892A8B40F900A82EC1 /* ViewModel */,
				075FBE8A2A8B40FC00A82EC1 /* View */,
			);
			path = AlertScreen;
			sourceTree = "<group>";
		};
		075FBE822A8B3FDF00A82EC1 /* AccountScreen */ = {
			isa = PBXGroup;
			children = (
				075FBE852A8B40C300A82EC1 /* Model */,
				075FBE9C2A8B77B500A82EC1 /* ViewModel */,
				075FBE862A8B40D100A82EC1 /* View */,
			);
			path = AccountScreen;
			sourceTree = "<group>";
		};
		075FBE832A8B3FF600A82EC1 /* Shared */ = {
			isa = PBXGroup;
			children = (
				07AA67A02A7BEF6F009DB3F0 /* TabBarController.swift */,
			);
			path = Shared;
			sourceTree = "<group>";
		};
		075FBE842A8B404E00A82EC1 /* MoreScreen */ = {
			isa = PBXGroup;
			children = (
				075FBE8D2A8B411D00A82EC1 /* Model */,
				075FBE8C2A8B411A00A82EC1 /* ViewModel */,
				075FBE8B2A8B411500A82EC1 /* View */,
			);
			path = MoreScreen;
			sourceTree = "<group>";
		};
		075FBE852A8B40C300A82EC1 /* Model */ = {
			isa = PBXGroup;
			children = (
				07755D0C2A7E72220076253B /* AccountModel.swift */,
				076848242A7D306C00812353 /* AccountTopAdModel.swift */,
			);
			path = Model;
			sourceTree = "<group>";
		};
		075FBE862A8B40D100A82EC1 /* View */ = {
			isa = PBXGroup;
			children = (
				07AA675E2A7BB7C3009DB3F0 /* AccountViewController.swift */,
				075FBE902A8B42A300A82EC1 /* AccountHeaderView.swift */,
				07AA67A72A7BFB85009DB3F0 /* AccountTableViewCell.swift */,
				07D9E3702A7F8FAD000EDF9B /* AccountWithoutSafeBoxTableViewCell.swift */,
				076848222A7D14ED00812353 /* AccountAddTableViewCell.swift */,
				076848202A7CE96400812353 /* AccountTopAdTableViewCell.swift */,
				07CA4ED72A810AC700F81E6F /* AccountTopAdCollectionViewCell.swift */,
			);
			path = View;
			sourceTree = "<group>";
		};
		075FBE882A8B40F300A82EC1 /* Model */ = {
			isa = PBXGroup;
			children = (
			);
			path = Model;
			sourceTree = "<group>";
		};
		075FBE892A8B40F900A82EC1 /* ViewModel */ = {
			isa = PBXGroup;
			children = (
				07AA67972A7BC21C009DB3F0 /* AlertViewModel.swift */,
			);
			path = ViewModel;
			sourceTree = "<group>";
		};
		075FBE8A2A8B40FC00A82EC1 /* View */ = {
			isa = PBXGroup;
			children = (
				07AA678F2A7BC1D7009DB3F0 /* AlertViewController.swift */,
				075FBE922A8B434800A82EC1 /* AlertHeaderView.swift */,
				075FBE962A8B5C4200A82EC1 /* AlertTableViewCell.swift */,
			);
			path = View;
			sourceTree = "<group>";
		};
		075FBE8B2A8B411500A82EC1 /* View */ = {
			isa = PBXGroup;
			children = (
				07AA67912A7BC1F6009DB3F0 /* MoreViewController.swift */,
				075FBE942A8B436D00A82EC1 /* MoreHeaderView.swift */,
				075FBE982A8B5C4D00A82EC1 /* MoreTableViewCell.swift */,
			);
			path = View;
			sourceTree = "<group>";
		};
		075FBE8C2A8B411A00A82EC1 /* ViewModel */ = {
			isa = PBXGroup;
			children = (
				07AA67992A7BC22A009DB3F0 /* MoreMenuViewModel.swift */,
			);
			path = ViewModel;
			sourceTree = "<group>";
		};
		075FBE8D2A8B411D00A82EC1 /* Model */ = {
			isa = PBXGroup;
			children = (
				07AA679B2A7BC552009DB3F0 /* MoreMenuCellData.swift */,
			);
			path = Model;
			sourceTree = "<group>";
		};
		075FBE9A2A8B778200A82EC1 /* TransferScreen */ = {
			isa = PBXGroup;
			children = (
				075FBE9E2A8B77C700A82EC1 /* Model */,
				075FBE9D2A8B77C200A82EC1 /* ViewModel */,
				075FBE9B2A8B77AA00A82EC1 /* View */,
			);
			path = TransferScreen;
			sourceTree = "<group>";
		};
		075FBE9B2A8B77AA00A82EC1 /* View */ = {
			isa = PBXGroup;
			children = (
				075FBE9F2A8B78B800A82EC1 /* TransferViewController.swift */,
				075FBEA92A8BA57D00A82EC1 /* TransferNavigationView.swift */,
				075FBEA72A8BA34E00A82EC1 /* TransferHeaderView.swift */,
				075FBEA52A8BA23500A82EC1 /* TransferListTableViewCell.swift */,
			);
			path = View;
			sourceTree = "<group>";
		};
		075FBE9C2A8B77B500A82EC1 /* ViewModel */ = {
			isa = PBXGroup;
			children = (
				07AA67932A7BC20A009DB3F0 /* AccountViewModel.swift */,
			);
			path = ViewModel;
			sourceTree = "<group>";
		};
		075FBE9D2A8B77C200A82EC1 /* ViewModel */ = {
			isa = PBXGroup;
			children = (
				075FBEA12A8B78C500A82EC1 /* TransferViewModel.swift */,
			);
			path = ViewModel;
			sourceTree = "<group>";
		};
		075FBE9E2A8B77C700A82EC1 /* Model */ = {
			isa = PBXGroup;
			children = (
				075FBEA32A8B792000A82EC1 /* ReceiverAccountModel.swift */,
			);
			path = Model;
			sourceTree = "<group>";
		};
		076848192A7C9F5200812353 /* Helper */ = {
			isa = PBXGroup;
			children = (
				0768481A2A7C9F6400812353 /* Enums.swift */,
			);
			path = Helper;
			sourceTree = "<group>";
		};
		07AA674E2A7BB7C3009DB3F0 = {
			isa = PBXGroup;
			children = (
				07AA67592A7BB7C3009DB3F0 /* KakaoBankClone */,
				07AA67702A7BB7C5009DB3F0 /* KakaoBankCloneTests */,
				07AA677A2A7BB7C5009DB3F0 /* KakaoBankCloneUITests */,
				07AA67582A7BB7C3009DB3F0 /* Products */,
				08C2739B01DABA05D30D916E /* Pods */,
				F719585E506FFBDDF73E5DA7 /* Frameworks */,
			);
			sourceTree = "<group>";
		};
		07AA67582A7BB7C3009DB3F0 /* Products */ = {
			isa = PBXGroup;
			children = (
				07AA67572A7BB7C3009DB3F0 /* KakaoBankClone.app */,
				07AA676D2A7BB7C5009DB3F0 /* KakaoBankCloneTests.xctest */,
				07AA67772A7BB7C5009DB3F0 /* KakaoBankCloneUITests.xctest */,
			);
			name = Products;
			sourceTree = "<group>";
		};
		07AA67592A7BB7C3009DB3F0 /* KakaoBankClone */ = {
			isa = PBXGroup;
			children = (
				07AA675A2A7BB7C3009DB3F0 /* AppDelegate.swift */,
				07AA675C2A7BB7C3009DB3F0 /* SceneDelegate.swift */,
				07AA67632A7BB7C5009DB3F0 /* Assets.xcassets */,
				07AA67652A7BB7C5009DB3F0 /* LaunchScreen.storyboard */,
				07D9E36E2A7F7A6D000EDF9B /* GoogleService-Info.plist */,
				07AA67682A7BB7C5009DB3F0 /* Info.plist */,
				076848192A7C9F5200812353 /* Helper */,
				07AA67A22A7BF16E009DB3F0 /* Extension */,
				075FBE832A8B3FF600A82EC1 /* Shared */,
				075FBE822A8B3FDF00A82EC1 /* AccountScreen */,
				075FBE9A2A8B778200A82EC1 /* TransferScreen */,
				075FBE7B2A8B3F2900A82EC1 /* ServiceScreen */,
				075FBE812A8B3FB300A82EC1 /* AlertScreen */,
				075FBE842A8B404E00A82EC1 /* MoreScreen */,
			);
			path = KakaoBankClone;
			sourceTree = "<group>";
		};
		07AA67702A7BB7C5009DB3F0 /* KakaoBankCloneTests */ = {
			isa = PBXGroup;
			children = (
				07AA67712A7BB7C5009DB3F0 /* KakaoBankCloneTests.swift */,
			);
			path = KakaoBankCloneTests;
			sourceTree = "<group>";
		};
		07AA677A2A7BB7C5009DB3F0 /* KakaoBankCloneUITests */ = {
			isa = PBXGroup;
			children = (
				07AA677B2A7BB7C5009DB3F0 /* KakaoBankCloneUITests.swift */,
				07AA677D2A7BB7C5009DB3F0 /* KakaoBankCloneUITestsLaunchTests.swift */,
			);
			path = KakaoBankCloneUITests;
			sourceTree = "<group>";
		};
		07AA67A22A7BF16E009DB3F0 /* Extension */ = {
			isa = PBXGroup;
			children = (
				07AA67A32A7BF17E009DB3F0 /* NavigationBar.swift */,
				07AA67A52A7BF213009DB3F0 /* UIColor.swift */,
				07755D0A2A7E3A790076253B /* Int.swift */,
				07CA4ED52A80FF9800F81E6F /* NSAttributedString.swift */,
				07CA4ED92A81400400F81E6F /* UITableViewCell.swift */,
			);
			path = Extension;
			sourceTree = "<group>";
		};
		08C2739B01DABA05D30D916E /* Pods */ = {
			isa = PBXGroup;
			children = (
				320FC54D3122EAEAE00BC82A /* Pods-KakaoBankClone.debug.xcconfig */,
				D8F411C776A105B247B97FBB /* Pods-KakaoBankClone.release.xcconfig */,
				A520A21DEE10BBBFDE272393 /* Pods-KakaoBankClone-KakaoBankCloneUITests.debug.xcconfig */,
				B0017EC0B02C3FC03030D7EB /* Pods-KakaoBankClone-KakaoBankCloneUITests.release.xcconfig */,
				C94CBAB88D8EA10A71C35533 /* Pods-KakaoBankCloneTests.debug.xcconfig */,
				AE6BC9A24396FCDBAA6AA288 /* Pods-KakaoBankCloneTests.release.xcconfig */,
			);
			path = Pods;
			sourceTree = "<group>";
		};
		F719585E506FFBDDF73E5DA7 /* Frameworks */ = {
			isa = PBXGroup;
			children = (
				CCED9299102A2A6CB6DBB08F /* Pods_KakaoBankClone.framework */,
				05DCC6700C88B23420E52201 /* Pods_KakaoBankClone_KakaoBankCloneUITests.framework */,
				0B6D679472150FFD9CA2A64F /* Pods_KakaoBankCloneTests.framework */,
			);
			name = Frameworks;
			sourceTree = "<group>";
		};
/* End PBXGroup section */

/* Begin PBXNativeTarget section */
		07AA67562A7BB7C3009DB3F0 /* KakaoBankClone */ = {
			isa = PBXNativeTarget;
			buildConfigurationList = 07AA67812A7BB7C5009DB3F0 /* Build configuration list for PBXNativeTarget "KakaoBankClone" */;
			buildPhases = (
				FC069EC2B2E7267BBE26A62E /* [CP] Check Pods Manifest.lock */,
				07AA67532A7BB7C3009DB3F0 /* Sources */,
				07AA67542A7BB7C3009DB3F0 /* Frameworks */,
				07AA67552A7BB7C3009DB3F0 /* Resources */,
				9F83BD300586918325D9137D /* [CP] Embed Pods Frameworks */,
			);
			buildRules = (
			);
			dependencies = (
			);
			name = KakaoBankClone;
			productName = KakaoBankClone;
			productReference = 07AA67572A7BB7C3009DB3F0 /* KakaoBankClone.app */;
			productType = "com.apple.product-type.application";
		};
		07AA676C2A7BB7C5009DB3F0 /* KakaoBankCloneTests */ = {
			isa = PBXNativeTarget;
			buildConfigurationList = 07AA67842A7BB7C5009DB3F0 /* Build configuration list for PBXNativeTarget "KakaoBankCloneTests" */;
			buildPhases = (
				E0E3C22C2820582FB72EBA94 /* [CP] Check Pods Manifest.lock */,
				07AA67692A7BB7C5009DB3F0 /* Sources */,
				07AA676A2A7BB7C5009DB3F0 /* Frameworks */,
				07AA676B2A7BB7C5009DB3F0 /* Resources */,
			);
			buildRules = (
			);
			dependencies = (
				07AA676F2A7BB7C5009DB3F0 /* PBXTargetDependency */,
			);
			name = KakaoBankCloneTests;
			productName = KakaoBankCloneTests;
			productReference = 07AA676D2A7BB7C5009DB3F0 /* KakaoBankCloneTests.xctest */;
			productType = "com.apple.product-type.bundle.unit-test";
		};
		07AA67762A7BB7C5009DB3F0 /* KakaoBankCloneUITests */ = {
			isa = PBXNativeTarget;
			buildConfigurationList = 07AA67872A7BB7C5009DB3F0 /* Build configuration list for PBXNativeTarget "KakaoBankCloneUITests" */;
			buildPhases = (
				711848E527ABE1710B2A0FBF /* [CP] Check Pods Manifest.lock */,
				07AA67732A7BB7C5009DB3F0 /* Sources */,
				07AA67742A7BB7C5009DB3F0 /* Frameworks */,
				07AA67752A7BB7C5009DB3F0 /* Resources */,
				8032587B4CDE71B3AB85FD41 /* [CP] Embed Pods Frameworks */,
			);
			buildRules = (
			);
			dependencies = (
				07AA67792A7BB7C5009DB3F0 /* PBXTargetDependency */,
			);
			name = KakaoBankCloneUITests;
			productName = KakaoBankCloneUITests;
			productReference = 07AA67772A7BB7C5009DB3F0 /* KakaoBankCloneUITests.xctest */;
			productType = "com.apple.product-type.bundle.ui-testing";
		};
/* End PBXNativeTarget section */

/* Begin PBXProject section */
		07AA674F2A7BB7C3009DB3F0 /* Project object */ = {
			isa = PBXProject;
			attributes = {
				BuildIndependentTargetsInParallel = 1;
				LastSwiftUpdateCheck = 1430;
				LastUpgradeCheck = 1430;
				TargetAttributes = {
					07AA67562A7BB7C3009DB3F0 = {
						CreatedOnToolsVersion = 14.3.1;
					};
					07AA676C2A7BB7C5009DB3F0 = {
						CreatedOnToolsVersion = 14.3.1;
						TestTargetID = 07AA67562A7BB7C3009DB3F0;
					};
					07AA67762A7BB7C5009DB3F0 = {
						CreatedOnToolsVersion = 14.3.1;
						TestTargetID = 07AA67562A7BB7C3009DB3F0;
					};
				};
			};
			buildConfigurationList = 07AA67522A7BB7C3009DB3F0 /* Build configuration list for PBXProject "KakaoBankClone" */;
			compatibilityVersion = "Xcode 14.0";
			developmentRegion = en;
			hasScannedForEncodings = 0;
			knownRegions = (
				en,
				Base,
			);
			mainGroup = 07AA674E2A7BB7C3009DB3F0;
			productRefGroup = 07AA67582A7BB7C3009DB3F0 /* Products */;
			projectDirPath = "";
			projectRoot = "";
			targets = (
				07AA67562A7BB7C3009DB3F0 /* KakaoBankClone */,
				07AA676C2A7BB7C5009DB3F0 /* KakaoBankCloneTests */,
				07AA67762A7BB7C5009DB3F0 /* KakaoBankCloneUITests */,
			);
		};
/* End PBXProject section */

/* Begin PBXResourcesBuildPhase section */
		07AA67552A7BB7C3009DB3F0 /* Resources */ = {
			isa = PBXResourcesBuildPhase;
			buildActionMask = 2147483647;
			files = (
				07AA67672A7BB7C5009DB3F0 /* LaunchScreen.storyboard in Resources */,
				07AA67642A7BB7C5009DB3F0 /* Assets.xcassets in Resources */,
				07D9E36F2A7F7A6E000EDF9B /* GoogleService-Info.plist in Resources */,
			);
			runOnlyForDeploymentPostprocessing = 0;
		};
		07AA676B2A7BB7C5009DB3F0 /* Resources */ = {
			isa = PBXResourcesBuildPhase;
			buildActionMask = 2147483647;
			files = (
			);
			runOnlyForDeploymentPostprocessing = 0;
		};
		07AA67752A7BB7C5009DB3F0 /* Resources */ = {
			isa = PBXResourcesBuildPhase;
			buildActionMask = 2147483647;
			files = (
			);
			runOnlyForDeploymentPostprocessing = 0;
		};
/* End PBXResourcesBuildPhase section */

/* Begin PBXShellScriptBuildPhase section */
		711848E527ABE1710B2A0FBF /* [CP] Check Pods Manifest.lock */ = {
			isa = PBXShellScriptBuildPhase;
			buildActionMask = 2147483647;
			files = (
			);
			inputFileListPaths = (
			);
			inputPaths = (
				"${PODS_PODFILE_DIR_PATH}/Podfile.lock",
				"${PODS_ROOT}/Manifest.lock",
			);
			name = "[CP] Check Pods Manifest.lock";
			outputFileListPaths = (
			);
			outputPaths = (
				"$(DERIVED_FILE_DIR)/Pods-KakaoBankClone-KakaoBankCloneUITests-checkManifestLockResult.txt",
			);
			runOnlyForDeploymentPostprocessing = 0;
			shellPath = /bin/sh;
			shellScript = "diff \"${PODS_PODFILE_DIR_PATH}/Podfile.lock\" \"${PODS_ROOT}/Manifest.lock\" > /dev/null\nif [ $? != 0 ] ; then\n    # print error to STDERR\n    echo \"error: The sandbox is not in sync with the Podfile.lock. Run 'pod install' or update your CocoaPods installation.\" >&2\n    exit 1\nfi\n# This output is used by Xcode 'outputs' to avoid re-running this script phase.\necho \"SUCCESS\" > \"${SCRIPT_OUTPUT_FILE_0}\"\n";
			showEnvVarsInLog = 0;
		};
		8032587B4CDE71B3AB85FD41 /* [CP] Embed Pods Frameworks */ = {
			isa = PBXShellScriptBuildPhase;
			buildActionMask = 2147483647;
			files = (
			);
			inputFileListPaths = (
				"${PODS_ROOT}/Target Support Files/Pods-KakaoBankClone-KakaoBankCloneUITests/Pods-KakaoBankClone-KakaoBankCloneUITests-frameworks-${CONFIGURATION}-input-files.xcfilelist",
			);
			name = "[CP] Embed Pods Frameworks";
			outputFileListPaths = (
				"${PODS_ROOT}/Target Support Files/Pods-KakaoBankClone-KakaoBankCloneUITests/Pods-KakaoBankClone-KakaoBankCloneUITests-frameworks-${CONFIGURATION}-output-files.xcfilelist",
			);
			runOnlyForDeploymentPostprocessing = 0;
			shellPath = /bin/sh;
			shellScript = "\"${PODS_ROOT}/Target Support Files/Pods-KakaoBankClone-KakaoBankCloneUITests/Pods-KakaoBankClone-KakaoBankCloneUITests-frameworks.sh\"\n";
			showEnvVarsInLog = 0;
		};
		9F83BD300586918325D9137D /* [CP] Embed Pods Frameworks */ = {
			isa = PBXShellScriptBuildPhase;
			buildActionMask = 2147483647;
			files = (
			);
			inputFileListPaths = (
				"${PODS_ROOT}/Target Support Files/Pods-KakaoBankClone/Pods-KakaoBankClone-frameworks-${CONFIGURATION}-input-files.xcfilelist",
			);
			name = "[CP] Embed Pods Frameworks";
			outputFileListPaths = (
				"${PODS_ROOT}/Target Support Files/Pods-KakaoBankClone/Pods-KakaoBankClone-frameworks-${CONFIGURATION}-output-files.xcfilelist",
			);
			runOnlyForDeploymentPostprocessing = 0;
			shellPath = /bin/sh;
			shellScript = "\"${PODS_ROOT}/Target Support Files/Pods-KakaoBankClone/Pods-KakaoBankClone-frameworks.sh\"\n";
			showEnvVarsInLog = 0;
		};
		E0E3C22C2820582FB72EBA94 /* [CP] Check Pods Manifest.lock */ = {
			isa = PBXShellScriptBuildPhase;
			buildActionMask = 2147483647;
			files = (
			);
			inputFileListPaths = (
			);
			inputPaths = (
				"${PODS_PODFILE_DIR_PATH}/Podfile.lock",
				"${PODS_ROOT}/Manifest.lock",
			);
			name = "[CP] Check Pods Manifest.lock";
			outputFileListPaths = (
			);
			outputPaths = (
				"$(DERIVED_FILE_DIR)/Pods-KakaoBankCloneTests-checkManifestLockResult.txt",
			);
			runOnlyForDeploymentPostprocessing = 0;
			shellPath = /bin/sh;
			shellScript = "diff \"${PODS_PODFILE_DIR_PATH}/Podfile.lock\" \"${PODS_ROOT}/Manifest.lock\" > /dev/null\nif [ $? != 0 ] ; then\n    # print error to STDERR\n    echo \"error: The sandbox is not in sync with the Podfile.lock. Run 'pod install' or update your CocoaPods installation.\" >&2\n    exit 1\nfi\n# This output is used by Xcode 'outputs' to avoid re-running this script phase.\necho \"SUCCESS\" > \"${SCRIPT_OUTPUT_FILE_0}\"\n";
			showEnvVarsInLog = 0;
		};
		FC069EC2B2E7267BBE26A62E /* [CP] Check Pods Manifest.lock */ = {
			isa = PBXShellScriptBuildPhase;
			buildActionMask = 2147483647;
			files = (
			);
			inputFileListPaths = (
			);
			inputPaths = (
				"${PODS_PODFILE_DIR_PATH}/Podfile.lock",
				"${PODS_ROOT}/Manifest.lock",
			);
			name = "[CP] Check Pods Manifest.lock";
			outputFileListPaths = (
			);
			outputPaths = (
				"$(DERIVED_FILE_DIR)/Pods-KakaoBankClone-checkManifestLockResult.txt",
			);
			runOnlyForDeploymentPostprocessing = 0;
			shellPath = /bin/sh;
			shellScript = "diff \"${PODS_PODFILE_DIR_PATH}/Podfile.lock\" \"${PODS_ROOT}/Manifest.lock\" > /dev/null\nif [ $? != 0 ] ; then\n    # print error to STDERR\n    echo \"error: The sandbox is not in sync with the Podfile.lock. Run 'pod install' or update your CocoaPods installation.\" >&2\n    exit 1\nfi\n# This output is used by Xcode 'outputs' to avoid re-running this script phase.\necho \"SUCCESS\" > \"${SCRIPT_OUTPUT_FILE_0}\"\n";
			showEnvVarsInLog = 0;
		};
/* End PBXShellScriptBuildPhase section */

/* Begin PBXSourcesBuildPhase section */
		07AA67532A7BB7C3009DB3F0 /* Sources */ = {
			isa = PBXSourcesBuildPhase;
			buildActionMask = 2147483647;
			files = (
				07AA675F2A7BB7C3009DB3F0 /* AccountViewController.swift in Sources */,
				07755D0D2A7E72220076253B /* AccountModel.swift in Sources */,
				07AA67A62A7BF213009DB3F0 /* UIColor.swift in Sources */,
				07CA4ED82A810AC700F81E6F /* AccountTopAdCollectionViewCell.swift in Sources */,
				07AA67942A7BC20A009DB3F0 /* AccountViewModel.swift in Sources */,
				07AA67A82A7BFB85009DB3F0 /* AccountTableViewCell.swift in Sources */,
				07AA675B2A7BB7C3009DB3F0 /* AppDelegate.swift in Sources */,
				07AA67982A7BC21C009DB3F0 /* AlertViewModel.swift in Sources */,
				075FBEA42A8B792000A82EC1 /* ReceiverAccountModel.swift in Sources */,
				07D9E3792A7FE6DB000EDF9B /* ServiceListModel.swift in Sources */,
				07D9E3712A7F8FAD000EDF9B /* AccountWithoutSafeBoxTableViewCell.swift in Sources */,
				075FBEA62A8BA23500A82EC1 /* TransferListTableViewCell.swift in Sources */,
				07AA67A42A7BF17E009DB3F0 /* NavigationBar.swift in Sources */,
				07D9E3752A7FCF43000EDF9B /* ServiceListTableViewCell.swift in Sources */,
				07755D0B2A7E3A790076253B /* Int.swift in Sources */,
				076848252A7D306C00812353 /* AccountTopAdModel.swift in Sources */,
				07D9E3732A7FB834000EDF9B /* ServiceMenuCollectionViewCell.swift in Sources */,
				075FBEAA2A8BA57D00A82EC1 /* TransferNavigationView.swift in Sources */,
				07CA4EDA2A81400400F81E6F /* UITableViewCell.swift in Sources */,
				075FBEA22A8B78C500A82EC1 /* TransferViewModel.swift in Sources */,
				07AA679A2A7BC22A009DB3F0 /* MoreMenuViewModel.swift in Sources */,
				076848232A7D14ED00812353 /* AccountAddTableViewCell.swift in Sources */,
				075FBE972A8B5C4200A82EC1 /* AlertTableViewCell.swift in Sources */,
				07AA67922A7BC1F6009DB3F0 /* MoreViewController.swift in Sources */,
				076848212A7CE96400812353 /* AccountTopAdTableViewCell.swift in Sources */,
				07F30D652A83AAF1001D96FC /* ServiceHeaderView.swift in Sources */,
				075FBE992A8B5C4D00A82EC1 /* MoreTableViewCell.swift in Sources */,
				07D9E3772A7FD683000EDF9B /* ServiceTopAdTableViewCell.swift in Sources */,
				07AA679C2A7BC552009DB3F0 /* MoreMenuCellData.swift in Sources */,
				07AA675D2A7BB7C3009DB3F0 /* SceneDelegate.swift in Sources */,
				072FD52E2A809531008AEF14 /* ServiceTopAdCollectionViewCell.swift in Sources */,
				07AA67902A7BC1D7009DB3F0 /* AlertViewController.swift in Sources */,
				075FBE912A8B42A300A82EC1 /* AccountHeaderView.swift in Sources */,
				075FBEA02A8B78B800A82EC1 /* TransferViewController.swift in Sources */,
				07CA4ED62A80FF9800F81E6F /* NSAttributedString.swift in Sources */,
				075FBE932A8B434800A82EC1 /* AlertHeaderView.swift in Sources */,
				07AA67A12A7BEF6F009DB3F0 /* TabBarController.swift in Sources */,
				07AA678E2A7BC1BF009DB3F0 /* ServiceViewController.swift in Sources */,
				075FBE952A8B436D00A82EC1 /* MoreHeaderView.swift in Sources */,
				075FBEA82A8BA34E00A82EC1 /* TransferHeaderView.swift in Sources */,
				072FD5302A809A49008AEF14 /* ServiceTopAdModel.swift in Sources */,
				0768481B2A7C9F6400812353 /* Enums.swift in Sources */,
				07AA67962A7BC215009DB3F0 /* ServiceViewModel.swift in Sources */,
			);
			runOnlyForDeploymentPostprocessing = 0;
		};
		07AA67692A7BB7C5009DB3F0 /* Sources */ = {
			isa = PBXSourcesBuildPhase;
			buildActionMask = 2147483647;
			files = (
				07AA67722A7BB7C5009DB3F0 /* KakaoBankCloneTests.swift in Sources */,
			);
			runOnlyForDeploymentPostprocessing = 0;
		};
		07AA67732A7BB7C5009DB3F0 /* Sources */ = {
			isa = PBXSourcesBuildPhase;
			buildActionMask = 2147483647;
			files = (
				07AA677E2A7BB7C5009DB3F0 /* KakaoBankCloneUITestsLaunchTests.swift in Sources */,
				07AA677C2A7BB7C5009DB3F0 /* KakaoBankCloneUITests.swift in Sources */,
			);
			runOnlyForDeploymentPostprocessing = 0;
		};
/* End PBXSourcesBuildPhase section */

/* Begin PBXTargetDependency section */
		07AA676F2A7BB7C5009DB3F0 /* PBXTargetDependency */ = {
			isa = PBXTargetDependency;
			target = 07AA67562A7BB7C3009DB3F0 /* KakaoBankClone */;
			targetProxy = 07AA676E2A7BB7C5009DB3F0 /* PBXContainerItemProxy */;
		};
		07AA67792A7BB7C5009DB3F0 /* PBXTargetDependency */ = {
			isa = PBXTargetDependency;
			target = 07AA67562A7BB7C3009DB3F0 /* KakaoBankClone */;
			targetProxy = 07AA67782A7BB7C5009DB3F0 /* PBXContainerItemProxy */;
		};
/* End PBXTargetDependency section */

/* Begin PBXVariantGroup section */
		07AA67652A7BB7C5009DB3F0 /* LaunchScreen.storyboard */ = {
			isa = PBXVariantGroup;
			children = (
				07AA67662A7BB7C5009DB3F0 /* Base */,
			);
			name = LaunchScreen.storyboard;
			sourceTree = "<group>";
		};
/* End PBXVariantGroup section */

/* Begin XCBuildConfiguration section */
		07AA677F2A7BB7C5009DB3F0 /* Debug */ = {
			isa = XCBuildConfiguration;
			buildSettings = {
				ALWAYS_SEARCH_USER_PATHS = NO;
				CLANG_ANALYZER_NONNULL = YES;
				CLANG_ANALYZER_NUMBER_OBJECT_CONVERSION = YES_AGGRESSIVE;
				CLANG_CXX_LANGUAGE_STANDARD = "gnu++20";
				CLANG_ENABLE_MODULES = YES;
				CLANG_ENABLE_OBJC_ARC = YES;
				CLANG_ENABLE_OBJC_WEAK = YES;
				CLANG_WARN_BLOCK_CAPTURE_AUTORELEASING = YES;
				CLANG_WARN_BOOL_CONVERSION = YES;
				CLANG_WARN_COMMA = YES;
				CLANG_WARN_CONSTANT_CONVERSION = YES;
				CLANG_WARN_DEPRECATED_OBJC_IMPLEMENTATIONS = YES;
				CLANG_WARN_DIRECT_OBJC_ISA_USAGE = YES_ERROR;
				CLANG_WARN_DOCUMENTATION_COMMENTS = YES;
				CLANG_WARN_EMPTY_BODY = YES;
				CLANG_WARN_ENUM_CONVERSION = YES;
				CLANG_WARN_INFINITE_RECURSION = YES;
				CLANG_WARN_INT_CONVERSION = YES;
				CLANG_WARN_NON_LITERAL_NULL_CONVERSION = YES;
				CLANG_WARN_OBJC_IMPLICIT_RETAIN_SELF = YES;
				CLANG_WARN_OBJC_LITERAL_CONVERSION = YES;
				CLANG_WARN_OBJC_ROOT_CLASS = YES_ERROR;
				CLANG_WARN_QUOTED_INCLUDE_IN_FRAMEWORK_HEADER = YES;
				CLANG_WARN_RANGE_LOOP_ANALYSIS = YES;
				CLANG_WARN_STRICT_PROTOTYPES = YES;
				CLANG_WARN_SUSPICIOUS_MOVE = YES;
				CLANG_WARN_UNGUARDED_AVAILABILITY = YES_AGGRESSIVE;
				CLANG_WARN_UNREACHABLE_CODE = YES;
				CLANG_WARN__DUPLICATE_METHOD_MATCH = YES;
				COPY_PHASE_STRIP = NO;
				DEBUG_INFORMATION_FORMAT = dwarf;
				ENABLE_STRICT_OBJC_MSGSEND = YES;
				ENABLE_TESTABILITY = YES;
				GCC_C_LANGUAGE_STANDARD = gnu11;
				GCC_DYNAMIC_NO_PIC = NO;
				GCC_NO_COMMON_BLOCKS = YES;
				GCC_OPTIMIZATION_LEVEL = 0;
				GCC_PREPROCESSOR_DEFINITIONS = (
					"DEBUG=1",
					"$(inherited)",
				);
				GCC_WARN_64_TO_32_BIT_CONVERSION = YES;
				GCC_WARN_ABOUT_RETURN_TYPE = YES_ERROR;
				GCC_WARN_UNDECLARED_SELECTOR = YES;
				GCC_WARN_UNINITIALIZED_AUTOS = YES_AGGRESSIVE;
				GCC_WARN_UNUSED_FUNCTION = YES;
				GCC_WARN_UNUSED_VARIABLE = YES;
				IPHONEOS_DEPLOYMENT_TARGET = 16.4;
				MTL_ENABLE_DEBUG_INFO = INCLUDE_SOURCE;
				MTL_FAST_MATH = YES;
				ONLY_ACTIVE_ARCH = YES;
				SDKROOT = iphoneos;
				SWIFT_ACTIVE_COMPILATION_CONDITIONS = DEBUG;
				SWIFT_OPTIMIZATION_LEVEL = "-Onone";
			};
			name = Debug;
		};
		07AA67802A7BB7C5009DB3F0 /* Release */ = {
			isa = XCBuildConfiguration;
			buildSettings = {
				ALWAYS_SEARCH_USER_PATHS = NO;
				CLANG_ANALYZER_NONNULL = YES;
				CLANG_ANALYZER_NUMBER_OBJECT_CONVERSION = YES_AGGRESSIVE;
				CLANG_CXX_LANGUAGE_STANDARD = "gnu++20";
				CLANG_ENABLE_MODULES = YES;
				CLANG_ENABLE_OBJC_ARC = YES;
				CLANG_ENABLE_OBJC_WEAK = YES;
				CLANG_WARN_BLOCK_CAPTURE_AUTORELEASING = YES;
				CLANG_WARN_BOOL_CONVERSION = YES;
				CLANG_WARN_COMMA = YES;
				CLANG_WARN_CONSTANT_CONVERSION = YES;
				CLANG_WARN_DEPRECATED_OBJC_IMPLEMENTATIONS = YES;
				CLANG_WARN_DIRECT_OBJC_ISA_USAGE = YES_ERROR;
				CLANG_WARN_DOCUMENTATION_COMMENTS = YES;
				CLANG_WARN_EMPTY_BODY = YES;
				CLANG_WARN_ENUM_CONVERSION = YES;
				CLANG_WARN_INFINITE_RECURSION = YES;
				CLANG_WARN_INT_CONVERSION = YES;
				CLANG_WARN_NON_LITERAL_NULL_CONVERSION = YES;
				CLANG_WARN_OBJC_IMPLICIT_RETAIN_SELF = YES;
				CLANG_WARN_OBJC_LITERAL_CONVERSION = YES;
				CLANG_WARN_OBJC_ROOT_CLASS = YES_ERROR;
				CLANG_WARN_QUOTED_INCLUDE_IN_FRAMEWORK_HEADER = YES;
				CLANG_WARN_RANGE_LOOP_ANALYSIS = YES;
				CLANG_WARN_STRICT_PROTOTYPES = YES;
				CLANG_WARN_SUSPICIOUS_MOVE = YES;
				CLANG_WARN_UNGUARDED_AVAILABILITY = YES_AGGRESSIVE;
				CLANG_WARN_UNREACHABLE_CODE = YES;
				CLANG_WARN__DUPLICATE_METHOD_MATCH = YES;
				COPY_PHASE_STRIP = NO;
				DEBUG_INFORMATION_FORMAT = "dwarf-with-dsym";
				ENABLE_NS_ASSERTIONS = NO;
				ENABLE_STRICT_OBJC_MSGSEND = YES;
				GCC_C_LANGUAGE_STANDARD = gnu11;
				GCC_NO_COMMON_BLOCKS = YES;
				GCC_WARN_64_TO_32_BIT_CONVERSION = YES;
				GCC_WARN_ABOUT_RETURN_TYPE = YES_ERROR;
				GCC_WARN_UNDECLARED_SELECTOR = YES;
				GCC_WARN_UNINITIALIZED_AUTOS = YES_AGGRESSIVE;
				GCC_WARN_UNUSED_FUNCTION = YES;
				GCC_WARN_UNUSED_VARIABLE = YES;
				IPHONEOS_DEPLOYMENT_TARGET = 16.4;
				MTL_ENABLE_DEBUG_INFO = NO;
				MTL_FAST_MATH = YES;
				SDKROOT = iphoneos;
				SWIFT_COMPILATION_MODE = wholemodule;
				SWIFT_OPTIMIZATION_LEVEL = "-O";
				VALIDATE_PRODUCT = YES;
			};
			name = Release;
		};
		07AA67822A7BB7C5009DB3F0 /* Debug */ = {
			isa = XCBuildConfiguration;
			baseConfigurationReference = 320FC54D3122EAEAE00BC82A /* Pods-KakaoBankClone.debug.xcconfig */;
			buildSettings = {
				ASSETCATALOG_COMPILER_APPICON_NAME = AppIcon;
				ASSETCATALOG_COMPILER_GLOBAL_ACCENT_COLOR_NAME = AccentColor;
				CODE_SIGN_STYLE = Automatic;
				CURRENT_PROJECT_VERSION = 1;
				DEVELOPMENT_TEAM = YJF2RZ2K47;
				GENERATE_INFOPLIST_FILE = YES;
				INFOPLIST_FILE = KakaoBankClone/Info.plist;
				INFOPLIST_KEY_CFBundleDisplayName = "까까오뱅크";
				INFOPLIST_KEY_LSApplicationCategoryType = "public.app-category.finance";
				INFOPLIST_KEY_UIApplicationSupportsIndirectInputEvents = YES;
				INFOPLIST_KEY_UILaunchStoryboardName = LaunchScreen;
				INFOPLIST_KEY_UISupportedInterfaceOrientations = UIInterfaceOrientationPortrait;
				INFOPLIST_KEY_UISupportedInterfaceOrientations_iPad = "UIInterfaceOrientationLandscapeLeft UIInterfaceOrientationLandscapeRight UIInterfaceOrientationPortrait UIInterfaceOrientationPortraitUpsideDown";
				IPHONEOS_DEPLOYMENT_TARGET = 16.0;
				LD_RUNPATH_SEARCH_PATHS = (
					"$(inherited)",
					"@executable_path/Frameworks",
				);
				MARKETING_VERSION = 1.0.0;
				PRODUCT_BUNDLE_IDENTIFIER = com.hyleedevelop.KakaoBankClone;
				PRODUCT_NAME = "$(TARGET_NAME)";
				SUPPORTED_PLATFORMS = "iphoneos iphonesimulator";
				SUPPORTS_MACCATALYST = NO;
				SUPPORTS_MAC_DESIGNED_FOR_IPHONE_IPAD = NO;
				SWIFT_EMIT_LOC_STRINGS = YES;
				SWIFT_VERSION = 5.0;
				TARGETED_DEVICE_FAMILY = 1;
			};
			name = Debug;
		};
		07AA67832A7BB7C5009DB3F0 /* Release */ = {
			isa = XCBuildConfiguration;
			baseConfigurationReference = D8F411C776A105B247B97FBB /* Pods-KakaoBankClone.release.xcconfig */;
			buildSettings = {
				ASSETCATALOG_COMPILER_APPICON_NAME = AppIcon;
				ASSETCATALOG_COMPILER_GLOBAL_ACCENT_COLOR_NAME = AccentColor;
				CODE_SIGN_STYLE = Automatic;
				CURRENT_PROJECT_VERSION = 1;
				DEVELOPMENT_TEAM = YJF2RZ2K47;
				GENERATE_INFOPLIST_FILE = YES;
				INFOPLIST_FILE = KakaoBankClone/Info.plist;
				INFOPLIST_KEY_CFBundleDisplayName = "까까오뱅크";
				INFOPLIST_KEY_LSApplicationCategoryType = "public.app-category.finance";
				INFOPLIST_KEY_UIApplicationSupportsIndirectInputEvents = YES;
				INFOPLIST_KEY_UILaunchStoryboardName = LaunchScreen;
				INFOPLIST_KEY_UISupportedInterfaceOrientations = UIInterfaceOrientationPortrait;
				INFOPLIST_KEY_UISupportedInterfaceOrientations_iPad = "UIInterfaceOrientationLandscapeLeft UIInterfaceOrientationLandscapeRight UIInterfaceOrientationPortrait UIInterfaceOrientationPortraitUpsideDown";
				IPHONEOS_DEPLOYMENT_TARGET = 16.0;
				LD_RUNPATH_SEARCH_PATHS = (
					"$(inherited)",
					"@executable_path/Frameworks",
				);
				MARKETING_VERSION = 1.0.0;
				PRODUCT_BUNDLE_IDENTIFIER = com.hyleedevelop.KakaoBankClone;
				PRODUCT_NAME = "$(TARGET_NAME)";
				SUPPORTED_PLATFORMS = "iphoneos iphonesimulator";
				SUPPORTS_MACCATALYST = NO;
				SUPPORTS_MAC_DESIGNED_FOR_IPHONE_IPAD = NO;
				SWIFT_EMIT_LOC_STRINGS = YES;
				SWIFT_VERSION = 5.0;
				TARGETED_DEVICE_FAMILY = 1;
			};
			name = Release;
		};
		07AA67852A7BB7C5009DB3F0 /* Debug */ = {
			isa = XCBuildConfiguration;
			baseConfigurationReference = C94CBAB88D8EA10A71C35533 /* Pods-KakaoBankCloneTests.debug.xcconfig */;
			buildSettings = {
				ALWAYS_EMBED_SWIFT_STANDARD_LIBRARIES = YES;
				BUNDLE_LOADER = "$(TEST_HOST)";
				CODE_SIGN_STYLE = Automatic;
				CURRENT_PROJECT_VERSION = 1;
				DEVELOPMENT_TEAM = YJF2RZ2K47;
				GENERATE_INFOPLIST_FILE = YES;
				IPHONEOS_DEPLOYMENT_TARGET = 16.4;
				MARKETING_VERSION = 1.0;
				PRODUCT_BUNDLE_IDENTIFIER = com.hyleedevelop.KakaoBankCloneTests;
				PRODUCT_NAME = "$(TARGET_NAME)";
				SWIFT_EMIT_LOC_STRINGS = NO;
				SWIFT_VERSION = 5.0;
				TARGETED_DEVICE_FAMILY = "1,2";
				TEST_HOST = "$(BUILT_PRODUCTS_DIR)/KakaoBankClone.app/$(BUNDLE_EXECUTABLE_FOLDER_PATH)/KakaoBankClone";
			};
			name = Debug;
		};
		07AA67862A7BB7C5009DB3F0 /* Release */ = {
			isa = XCBuildConfiguration;
			baseConfigurationReference = AE6BC9A24396FCDBAA6AA288 /* Pods-KakaoBankCloneTests.release.xcconfig */;
			buildSettings = {
				ALWAYS_EMBED_SWIFT_STANDARD_LIBRARIES = YES;
				BUNDLE_LOADER = "$(TEST_HOST)";
				CODE_SIGN_STYLE = Automatic;
				CURRENT_PROJECT_VERSION = 1;
				DEVELOPMENT_TEAM = YJF2RZ2K47;
				GENERATE_INFOPLIST_FILE = YES;
				IPHONEOS_DEPLOYMENT_TARGET = 16.4;
				MARKETING_VERSION = 1.0;
				PRODUCT_BUNDLE_IDENTIFIER = com.hyleedevelop.KakaoBankCloneTests;
				PRODUCT_NAME = "$(TARGET_NAME)";
				SWIFT_EMIT_LOC_STRINGS = NO;
				SWIFT_VERSION = 5.0;
				TARGETED_DEVICE_FAMILY = "1,2";
				TEST_HOST = "$(BUILT_PRODUCTS_DIR)/KakaoBankClone.app/$(BUNDLE_EXECUTABLE_FOLDER_PATH)/KakaoBankClone";
			};
			name = Release;
		};
		07AA67882A7BB7C5009DB3F0 /* Debug */ = {
			isa = XCBuildConfiguration;
			baseConfigurationReference = A520A21DEE10BBBFDE272393 /* Pods-KakaoBankClone-KakaoBankCloneUITests.debug.xcconfig */;
			buildSettings = {
				ALWAYS_EMBED_SWIFT_STANDARD_LIBRARIES = YES;
				CODE_SIGN_STYLE = Automatic;
				CURRENT_PROJECT_VERSION = 1;
				DEVELOPMENT_TEAM = YJF2RZ2K47;
				GENERATE_INFOPLIST_FILE = YES;
				MARKETING_VERSION = 1.0;
				PRODUCT_BUNDLE_IDENTIFIER = com.hyleedevelop.KakaoBankCloneUITests;
				PRODUCT_NAME = "$(TARGET_NAME)";
				SWIFT_EMIT_LOC_STRINGS = NO;
				SWIFT_VERSION = 5.0;
				TARGETED_DEVICE_FAMILY = "1,2";
				TEST_TARGET_NAME = KakaoBankClone;
			};
			name = Debug;
		};
		07AA67892A7BB7C5009DB3F0 /* Release */ = {
			isa = XCBuildConfiguration;
			baseConfigurationReference = B0017EC0B02C3FC03030D7EB /* Pods-KakaoBankClone-KakaoBankCloneUITests.release.xcconfig */;
			buildSettings = {
				ALWAYS_EMBED_SWIFT_STANDARD_LIBRARIES = YES;
				CODE_SIGN_STYLE = Automatic;
				CURRENT_PROJECT_VERSION = 1;
				DEVELOPMENT_TEAM = YJF2RZ2K47;
				GENERATE_INFOPLIST_FILE = YES;
				MARKETING_VERSION = 1.0;
				PRODUCT_BUNDLE_IDENTIFIER = com.hyleedevelop.KakaoBankCloneUITests;
				PRODUCT_NAME = "$(TARGET_NAME)";
				SWIFT_EMIT_LOC_STRINGS = NO;
				SWIFT_VERSION = 5.0;
				TARGETED_DEVICE_FAMILY = "1,2";
				TEST_TARGET_NAME = KakaoBankClone;
			};
			name = Release;
		};
/* End XCBuildConfiguration section */

/* Begin XCConfigurationList section */
		07AA67522A7BB7C3009DB3F0 /* Build configuration list for PBXProject "KakaoBankClone" */ = {
			isa = XCConfigurationList;
			buildConfigurations = (
				07AA677F2A7BB7C5009DB3F0 /* Debug */,
				07AA67802A7BB7C5009DB3F0 /* Release */,
			);
			defaultConfigurationIsVisible = 0;
			defaultConfigurationName = Release;
		};
		07AA67812A7BB7C5009DB3F0 /* Build configuration list for PBXNativeTarget "KakaoBankClone" */ = {
			isa = XCConfigurationList;
			buildConfigurations = (
				07AA67822A7BB7C5009DB3F0 /* Debug */,
				07AA67832A7BB7C5009DB3F0 /* Release */,
			);
			defaultConfigurationIsVisible = 0;
			defaultConfigurationName = Release;
		};
		07AA67842A7BB7C5009DB3F0 /* Build configuration list for PBXNativeTarget "KakaoBankCloneTests" */ = {
			isa = XCConfigurationList;
			buildConfigurations = (
				07AA67852A7BB7C5009DB3F0 /* Debug */,
				07AA67862A7BB7C5009DB3F0 /* Release */,
			);
			defaultConfigurationIsVisible = 0;
			defaultConfigurationName = Release;
		};
		07AA67872A7BB7C5009DB3F0 /* Build configuration list for PBXNativeTarget "KakaoBankCloneUITests" */ = {
			isa = XCConfigurationList;
			buildConfigurations = (
				07AA67882A7BB7C5009DB3F0 /* Debug */,
				07AA67892A7BB7C5009DB3F0 /* Release */,
			);
			defaultConfigurationIsVisible = 0;
			defaultConfigurationName = Release;
		};
/* End XCConfigurationList section */
	};
	rootObject = 07AA674F2A7BB7C3009DB3F0 /* Project object */;
}
